
Microsoft Visual Studio Solution File, Format Version 12.00
# Visual Studio Version 16
VisualStudioVersion = 16.0.32802.440
MinimumVisualStudioVersion = 10.0.40219.1
Project("{FAE04EC0-301F-11D3-BF4B-00C04F79EFBC}") = "CSharpBasicLearning", "CSharpBasicLearning\CSharpBasicLearning.csproj", "{C2B80AF6-81EF-4F6C-BF98-1F1269A3EAC6}"
EndProject
Project("{FAE04EC0-301F-11D3-BF4B-00C04F79EFBC}") = "DelegateLearn_Named_Anonymous", "DelegateLearn_Named_Anonymous\DelegateLearn_Named_Anonymous.csproj", "{C1283023-5D86-408C-BFD0-2228183779CF}"
EndProject
Project("{FAE04EC0-301F-11D3-BF4B-00C04F79EFBC}") = "Delegate_callback", "Delegate_callback\Delegate_callback.csproj", "{E3B91CEA-38A5-4595-84E6-2CF2983D9BA1}"
EndProject
Project("{FAE04EC0-301F-11D3-BF4B-00C04F79EFBC}") = "Delegate_Event", "Delegate_Event\Delegate_Event.csproj", "{52EF6311-A97D-4FBE-8B77-4FE175E7A80A}"
EndProject
Project("{FAE04EC0-301F-11D3-BF4B-00C04F79EFBC}") = "Event_Test1", "Event_Test1\Event_Test1.csproj", "{1D236C88-3C48-4603-97F9-BED89E6C9F88}"
EndProject
Project("{FAE04EC0-301F-11D3-BF4B-00C04F79EFBC}") = "Using_HowToUse", "Using_HowToUse\Using_HowToUse.csproj", "{DF0BC8CC-5BE4-4AE8-9EC0-44CF5994AC48}"
EndProject
Project("{FAE04EC0-301F-11D3-BF4B-00C04F79EFBC}") = "Exeception_Test1", "Exeception_Test1\Exeception_Test1.csproj", "{D14AE194-F330-4FAB-8532-1EF5E7F4159D}"
EndProject
Project("{FAE04EC0-301F-11D3-BF4B-00C04F79EFBC}") = "DependencyInjection_Test1", "DependencyInjection_Test1\DependencyInjection_Test1.csproj", "{31ECB2B1-5E07-4540-9FC3-6731CA80D338}"
EndProject
Project("{FAE04EC0-301F-11D3-BF4B-00C04F79EFBC}") = "1.DI_ServiceLocator_Test", "1.DI_ServiceLocator_Test\1.DI_ServiceLocator_Test.csproj", "{07BA35D0-1CDA-445B-A1AB-18437D59B919}"
EndProject
Project("{FAE04EC0-301F-11D3-BF4B-00C04F79EFBC}") = "2.DI_Test1", "2.DI_Test1\2.DI_Test1.csproj", "{A1BB2459-CD81-455E-8E39-27F17B7C51F8}"
EndProject
Project("{FAE04EC0-301F-11D3-BF4B-00C04F79EFBC}") = "Dll_Test1", "Dll_Test1\Dll_Test1.csproj", "{2501DB21-B999-45B4-B8F6-55ACE728D23C}"
EndProject
Project("{FAE04EC0-301F-11D3-BF4B-00C04F79EFBC}") = "Dll_TestUse", "Dll_TestUse\Dll_TestUse.csproj", "{A1887812-1E18-410B-A987-A42F0056B8E2}"
EndProject
Project("{FAE04EC0-301F-11D3-BF4B-00C04F79EFBC}") = "3.Nlog_TestSql", "3.Nlog_TestSql\3.Nlog_TestSql.csproj", "{998D86AB-A72C-4CDE-86CF-253761115208}"
EndProject
Project("{FAE04EC0-301F-11D3-BF4B-00C04F79EFBC}") = "4.Nlog_WpfTest", "4.Nlog_WpfTest\4.Nlog_WpfTest.csproj", "{72C41C71-9C15-41E5-B8CD-171FDF8DC2EE}"
EndProject
Project("{FAE04EC0-301F-11D3-BF4B-00C04F79EFBC}") = "5.Reflection_Controls", "5.Reflection_Controls\5.Reflection_Controls.csproj", "{D8AB4589-11D0-4811-A71E-30AEA228DA39}"
EndProject
Global
	GlobalSection(SolutionConfigurationPlatforms) = preSolution
		Debug|Any CPU = Debug|Any CPU
		Release|Any CPU = Release|Any CPU
	EndGlobalSection
	GlobalSection(ProjectConfigurationPlatforms) = postSolution
		{C2B80AF6-81EF-4F6C-BF98-1F1269A3EAC6}.Debug|Any CPU.ActiveCfg = Debug|Any CPU
		{C2B80AF6-81EF-4F6C-BF98-1F1269A3EAC6}.Debug|Any CPU.Build.0 = Debug|Any CPU
		{C2B80AF6-81EF-4F6C-BF98-1F1269A3EAC6}.Release|Any CPU.ActiveCfg = Release|Any CPU
		{C2B80AF6-81EF-4F6C-BF98-1F1269A3EAC6}.Release|Any CPU.Build.0 = Release|Any CPU
		{C1283023-5D86-408C-BFD0-2228183779CF}.Debug|Any CPU.ActiveCfg = Debug|Any CPU
		{C1283023-5D86-408C-BFD0-2228183779CF}.Debug|Any CPU.Build.0 = Debug|Any CPU
		{C1283023-5D86-408C-BFD0-2228183779CF}.Release|Any CPU.ActiveCfg = Release|Any CPU
		{C1283023-5D86-408C-BFD0-2228183779CF}.Release|Any CPU.Build.0 = Release|Any CPU
		{E3B91CEA-38A5-4595-84E6-2CF2983D9BA1}.Debug|Any CPU.ActiveCfg = Debug|Any CPU
		{E3B91CEA-38A5-4595-84E6-2CF2983D9BA1}.Debug|Any CPU.Build.0 = Debug|Any CPU
		{E3B91CEA-38A5-4595-84E6-2CF2983D9BA1}.Release|Any CPU.ActiveCfg = Release|Any CPU
		{E3B91CEA-38A5-4595-84E6-2CF2983D9BA1}.Release|Any CPU.Build.0 = Release|Any CPU
		{52EF6311-A97D-4FBE-8B77-4FE175E7A80A}.Debug|Any CPU.ActiveCfg = Debug|Any CPU
		{52EF6311-A97D-4FBE-8B77-4FE175E7A80A}.Debug|Any CPU.Build.0 = Debug|Any CPU
		{52EF6311-A97D-4FBE-8B77-4FE175E7A80A}.Release|Any CPU.ActiveCfg = Release|Any CPU
		{52EF6311-A97D-4FBE-8B77-4FE175E7A80A}.Release|Any CPU.Build.0 = Release|Any CPU
		{1D236C88-3C48-4603-97F9-BED89E6C9F88}.Debug|Any CPU.ActiveCfg = Debug|Any CPU
		{1D236C88-3C48-4603-97F9-BED89E6C9F88}.Debug|Any CPU.Build.0 = Debug|Any CPU
		{1D236C88-3C48-4603-97F9-BED89E6C9F88}.Release|Any CPU.ActiveCfg = Release|Any CPU
		{1D236C88-3C48-4603-97F9-BED89E6C9F88}.Release|Any CPU.Build.0 = Release|Any CPU
		{DF0BC8CC-5BE4-4AE8-9EC0-44CF5994AC48}.Debug|Any CPU.ActiveCfg = Debug|Any CPU
		{DF0BC8CC-5BE4-4AE8-9EC0-44CF5994AC48}.Debug|Any CPU.Build.0 = Debug|Any CPU
		{DF0BC8CC-5BE4-4AE8-9EC0-44CF5994AC48}.Release|Any CPU.ActiveCfg = Release|Any CPU
		{DF0BC8CC-5BE4-4AE8-9EC0-44CF5994AC48}.Release|Any CPU.Build.0 = Release|Any CPU
		{D14AE194-F330-4FAB-8532-1EF5E7F4159D}.Debug|Any CPU.ActiveCfg = Debug|Any CPU
		{D14AE194-F330-4FAB-8532-1EF5E7F4159D}.Debug|Any CPU.Build.0 = Debug|Any CPU
		{D14AE194-F330-4FAB-8532-1EF5E7F4159D}.Release|Any CPU.ActiveCfg = Release|Any CPU
		{D14AE194-F330-4FAB-8532-1EF5E7F4159D}.Release|Any CPU.Build.0 = Release|Any CPU
		{31ECB2B1-5E07-4540-9FC3-6731CA80D338}.Debug|Any CPU.ActiveCfg = Debug|Any CPU
		{31ECB2B1-5E07-4540-9FC3-6731CA80D338}.Debug|Any CPU.Build.0 = Debug|Any CPU
		{31ECB2B1-5E07-4540-9FC3-6731CA80D338}.Release|Any CPU.ActiveCfg = Release|Any CPU
		{31ECB2B1-5E07-4540-9FC3-6731CA80D338}.Release|Any CPU.Build.0 = Release|Any CPU
		{07BA35D0-1CDA-445B-A1AB-18437D59B919}.Debug|Any CPU.ActiveCfg = Debug|Any CPU
		{07BA35D0-1CDA-445B-A1AB-18437D59B919}.Debug|Any CPU.Build.0 = Debug|Any CPU
		{07BA35D0-1CDA-445B-A1AB-18437D59B919}.Release|Any CPU.ActiveCfg = Release|Any CPU
		{07BA35D0-1CDA-445B-A1AB-18437D59B919}.Release|Any CPU.Build.0 = Release|Any CPU
		{A1BB2459-CD81-455E-8E39-27F17B7C51F8}.Debug|Any CPU.ActiveCfg = Debug|Any CPU
		{A1BB2459-CD81-455E-8E39-27F17B7C51F8}.Debug|Any CPU.Build.0 = Debug|Any CPU
		{A1BB2459-CD81-455E-8E39-27F17B7C51F8}.Release|Any CPU.ActiveCfg = Release|Any CPU
		{A1BB2459-CD81-455E-8E39-27F17B7C51F8}.Release|Any CPU.Build.0 = Release|Any CPU
		{2501DB21-B999-45B4-B8F6-55ACE728D23C}.Debug|Any CPU.ActiveCfg = Debug|Any CPU
		{2501DB21-B999-45B4-B8F6-55ACE728D23C}.Debug|Any CPU.Build.0 = Debug|Any CPU
		{2501DB21-B999-45B4-B8F6-55ACE728D23C}.Release|Any CPU.ActiveCfg = Release|Any CPU
		{2501DB21-B999-45B4-B8F6-55ACE728D23C}.Release|Any CPU.Build.0 = Release|Any CPU
		{A1887812-1E18-410B-A987-A42F0056B8E2}.Debug|Any CPU.ActiveCfg = Debug|Any CPU
		{A1887812-1E18-410B-A987-A42F0056B8E2}.Debug|Any CPU.Build.0 = Debug|Any CPU
		{A1887812-1E18-410B-A987-A42F0056B8E2}.Release|Any CPU.ActiveCfg = Release|Any CPU
		{A1887812-1E18-410B-A987-A42F0056B8E2}.Release|Any CPU.Build.0 = Release|Any CPU
		{998D86AB-A72C-4CDE-86CF-253761115208}.Debug|Any CPU.ActiveCfg = Debug|Any CPU
		{998D86AB-A72C-4CDE-86CF-253761115208}.Debug|Any CPU.Build.0 = Debug|Any CPU
		{998D86AB-A72C-4CDE-86CF-253761115208}.Release|Any CPU.ActiveCfg = Release|Any CPU
		{998D86AB-A72C-4CDE-86CF-253761115208}.Release|Any CPU.Build.0 = Release|Any CPU
		{72C41C71-9C15-41E5-B8CD-171FDF8DC2EE}.Debug|Any CPU.ActiveCfg = Debug|Any CPU
		{72C41C71-9C15-41E5-B8CD-171FDF8DC2EE}.Debug|Any CPU.Build.0 = Debug|Any CPU
		{72C41C71-9C15-41E5-B8CD-171FDF8DC2EE}.Release|Any CPU.ActiveCfg = Release|Any CPU
		{72C41C71-9C15-41E5-B8CD-171FDF8DC2EE}.Release|Any CPU.Build.0 = Release|Any CPU
		{D8AB4589-11D0-4811-A71E-30AEA228DA39}.Debug|Any CPU.ActiveCfg = Debug|Any CPU
		{D8AB4589-11D0-4811-A71E-30AEA228DA39}.Debug|Any CPU.Build.0 = Debug|Any CPU
		{D8AB4589-11D0-4811-A71E-30AEA228DA39}.Release|Any CPU.ActiveCfg = Release|Any CPU
		{D8AB4589-11D0-4811-A71E-30AEA228DA39}.Release|Any CPU.Build.0 = Release|Any CPU
	EndGlobalSection
	GlobalSection(SolutionProperties) = preSolution
		HideSolutionNode = FALSE
	EndGlobalSection
	GlobalSection(ExtensibilityGlobals) = postSolution
		SolutionGuid = {8D4CD113-0AA5-47D0-AC48-8B9CAE679551}
	EndGlobalSection
EndGlobal
