
Microsoft Visual Studio Solution File, Format Version 12.00
# Visual Studio Version 16
VisualStudioVersion = 16.0.32802.440
MinimumVisualStudioVersion = 10.0.40219.1
Project("{FAE04EC0-301F-11D3-BF4B-00C04F79EFBC}") = "CSharpBasicLearning", "CSharpBasicLearning\CSharpBasicLearning.csproj", "{C2B80AF6-81EF-4F6C-BF98-1F1269A3EAC6}"
EndProject
Project("{FAE04EC0-301F-11D3-BF4B-00C04F79EFBC}") = "DelegateLearn_Named_Anonymous", "DelegateLearn_Named_Anonymous\DelegateLearn_Named_Anonymous.csproj", "{C1283023-5D86-408C-BFD0-2228183779CF}"
EndProject
Project("{FAE04EC0-301F-11D3-BF4B-00C04F79EFBC}") = "Delegate_callback", "Delegate_callback\Delegate_callback.csproj", "{E3B91CEA-38A5-4595-84E6-2CF2983D9BA1}"
EndProject
Project("{FAE04EC0-301F-11D3-BF4B-00C04F79EFBC}") = "Delegate_Event", "Delegate_Event\Delegate_Event.csproj", "{52EF6311-A97D-4FBE-8B77-4FE175E7A80A}"
EndProject
Project("{FAE04EC0-301F-11D3-BF4B-00C04F79EFBC}") = "Event_Test1", "Event_Test1\Event_Test1.csproj", "{1D236C88-3C48-4603-97F9-BED89E6C9F88}"
EndProject
Project("{FAE04EC0-301F-11D3-BF4B-00C04F79EFBC}") = "Using_HowToUse", "Using_HowToUse\Using_HowToUse.csproj", "{DF0BC8CC-5BE4-4AE8-9EC0-44CF5994AC48}"
EndProject
Global
	GlobalSection(SolutionConfigurationPlatforms) = preSolution
		Debug|Any CPU = Debug|Any CPU
		Release|Any CPU = Release|Any CPU
	EndGlobalSection
	GlobalSection(ProjectConfigurationPlatforms) = postSolution
		{C2B80AF6-81EF-4F6C-BF98-1F1269A3EAC6}.Debug|Any CPU.ActiveCfg = Debug|Any CPU
		{C2B80AF6-81EF-4F6C-BF98-1F1269A3EAC6}.Debug|Any CPU.Build.0 = Debug|Any CPU
		{C2B80AF6-81EF-4F6C-BF98-1F1269A3EAC6}.Release|Any CPU.ActiveCfg = Release|Any CPU
		{C2B80AF6-81EF-4F6C-BF98-1F1269A3EAC6}.Release|Any CPU.Build.0 = Release|Any CPU
		{C1283023-5D86-408C-BFD0-2228183779CF}.Debug|Any CPU.ActiveCfg = Debug|Any CPU
		{C1283023-5D86-408C-BFD0-2228183779CF}.Debug|Any CPU.Build.0 = Debug|Any CPU
		{C1283023-5D86-408C-BFD0-2228183779CF}.Release|Any CPU.ActiveCfg = Release|Any CPU
		{C1283023-5D86-408C-BFD0-2228183779CF}.Release|Any CPU.Build.0 = Release|Any CPU
		{E3B91CEA-38A5-4595-84E6-2CF2983D9BA1}.Debug|Any CPU.ActiveCfg = Debug|Any CPU
		{E3B91CEA-38A5-4595-84E6-2CF2983D9BA1}.Debug|Any CPU.Build.0 = Debug|Any CPU
		{E3B91CEA-38A5-4595-84E6-2CF2983D9BA1}.Release|Any CPU.ActiveCfg = Release|Any CPU
		{E3B91CEA-38A5-4595-84E6-2CF2983D9BA1}.Release|Any CPU.Build.0 = Release|Any CPU
		{52EF6311-A97D-4FBE-8B77-4FE175E7A80A}.Debug|Any CPU.ActiveCfg = Debug|Any CPU
		{52EF6311-A97D-4FBE-8B77-4FE175E7A80A}.Debug|Any CPU.Build.0 = Debug|Any CPU
		{52EF6311-A97D-4FBE-8B77-4FE175E7A80A}.Release|Any CPU.ActiveCfg = Release|Any CPU
		{52EF6311-A97D-4FBE-8B77-4FE175E7A80A}.Release|Any CPU.Build.0 = Release|Any CPU
		{1D236C88-3C48-4603-97F9-BED89E6C9F88}.Debug|Any CPU.ActiveCfg = Debug|Any CPU
		{1D236C88-3C48-4603-97F9-BED89E6C9F88}.Debug|Any CPU.Build.0 = Debug|Any CPU
		{1D236C88-3C48-4603-97F9-BED89E6C9F88}.Release|Any CPU.ActiveCfg = Release|Any CPU
		{1D236C88-3C48-4603-97F9-BED89E6C9F88}.Release|Any CPU.Build.0 = Release|Any CPU
		{DF0BC8CC-5BE4-4AE8-9EC0-44CF5994AC48}.Debug|Any CPU.ActiveCfg = Debug|Any CPU
		{DF0BC8CC-5BE4-4AE8-9EC0-44CF5994AC48}.Debug|Any CPU.Build.0 = Debug|Any CPU
		{DF0BC8CC-5BE4-4AE8-9EC0-44CF5994AC48}.Release|Any CPU.ActiveCfg = Release|Any CPU
		{DF0BC8CC-5BE4-4AE8-9EC0-44CF5994AC48}.Release|Any CPU.Build.0 = Release|Any CPU
	EndGlobalSection
	GlobalSection(SolutionProperties) = preSolution
		HideSolutionNode = FALSE
	EndGlobalSection
	GlobalSection(ExtensibilityGlobals) = postSolution
		SolutionGuid = {8D4CD113-0AA5-47D0-AC48-8B9CAE679551}
	EndGlobalSection
EndGlobal
