
Microsoft Visual Studio Solution File, Format Version 12.00
# Visual Studio Version 16
VisualStudioVersion = 16.0.32802.440
MinimumVisualStudioVersion = 10.0.40219.1
Project("{FAE04EC0-301F-11D3-BF4B-00C04F79EFBC}") = "CSharpBasicLearning", "CSharpBasicLearning\CSharpBasicLearning.csproj", "{C2B80AF6-81EF-4F6C-BF98-1F1269A3EAC6}"
EndProject
Project("{FAE04EC0-301F-11D3-BF4B-00C04F79EFBC}") = "DelegateLearn_Named_Anonymous", "DelegateLearn_Named_Anonymous\DelegateLearn_Named_Anonymous.csproj", "{C1283023-5D86-408C-BFD0-2228183779CF}"
EndProject
Project("{FAE04EC0-301F-11D3-BF4B-00C04F79EFBC}") = "Delegate_callback", "Delegate_callback\Delegate_callback.csproj", "{E3B91CEA-38A5-4595-84E6-2CF2983D9BA1}"
EndProject
Project("{FAE04EC0-301F-11D3-BF4B-00C04F79EFBC}") = "Delegate_Event", "Delegate_Event\Delegate_Event.csproj", "{52EF6311-A97D-4FBE-8B77-4FE175E7A80A}"
EndProject
Project("{FAE04EC0-301F-11D3-BF4B-00C04F79EFBC}") = "Event_Test1", "Event_Test1\Event_Test1.csproj", "{1D236C88-3C48-4603-97F9-BED89E6C9F88}"
EndProject
Project("{FAE04EC0-301F-11D3-BF4B-00C04F79EFBC}") = "Using_HowToUse", "Using_HowToUse\Using_HowToUse.csproj", "{DF0BC8CC-5BE4-4AE8-9EC0-44CF5994AC48}"
EndProject
Project("{FAE04EC0-301F-11D3-BF4B-00C04F79EFBC}") = "Exeception_Test1", "Exeception_Test1\Exeception_Test1.csproj", "{D14AE194-F330-4FAB-8532-1EF5E7F4159D}"
EndProject
Project("{FAE04EC0-301F-11D3-BF4B-00C04F79EFBC}") = "DependencyInjection_Test1", "DependencyInjection_Test1\DependencyInjection_Test1.csproj", "{31ECB2B1-5E07-4540-9FC3-6731CA80D338}"
EndProject
Project("{FAE04EC0-301F-11D3-BF4B-00C04F79EFBC}") = "1.DI_ServiceLocator_Test", "1.DI_ServiceLocator_Test\1.DI_ServiceLocator_Test.csproj", "{07BA35D0-1CDA-445B-A1AB-18437D59B919}"
EndProject
Project("{FAE04EC0-301F-11D3-BF4B-00C04F79EFBC}") = "2.DI_Test1", "2.DI_Test1\2.DI_Test1.csproj", "{A1BB2459-CD81-455E-8E39-27F17B7C51F8}"
EndProject
Project("{FAE04EC0-301F-11D3-BF4B-00C04F79EFBC}") = "Dll_Test1", "Dll_Test1\Dll_Test1.csproj", "{2501DB21-B999-45B4-B8F6-55ACE728D23C}"
EndProject
Project("{FAE04EC0-301F-11D3-BF4B-00C04F79EFBC}") = "Dll_TestUse", "Dll_TestUse\Dll_TestUse.csproj", "{A1887812-1E18-410B-A987-A42F0056B8E2}"
EndProject
Project("{FAE04EC0-301F-11D3-BF4B-00C04F79EFBC}") = "3.Nlog_TestSql", "3.Nlog_TestSql\3.Nlog_TestSql.csproj", "{998D86AB-A72C-4CDE-86CF-253761115208}"
EndProject
Project("{FAE04EC0-301F-11D3-BF4B-00C04F79EFBC}") = "4.Nlog_WpfTest", "4.Nlog_WpfTest\4.Nlog_WpfTest.csproj", "{72C41C71-9C15-41E5-B8CD-171FDF8DC2EE}"
EndProject
Project("{FAE04EC0-301F-11D3-BF4B-00C04F79EFBC}") = "5.Halcon_EnvironmentTest", "5.Halcon_EnvironmentTest\5.Halcon_EnvironmentTest.csproj", "{5048477C-BFC1-42B6-9A7A-34370EB205F3}"
EndProject
Project("{FAE04EC0-301F-11D3-BF4B-00C04F79EFBC}") = "6.Halcon_TestForNuget", "6.Halcon_TestForNuget\6.Halcon_TestForNuget.csproj", "{DFB50834-08BD-441B-B4D8-C26C72AFD4F1}"
EndProject
Project("{9A19103F-16F7-4668-BE54-9A1E7A4F7556}") = "Reflection_Learn1", "Reflection_Learn1\Reflection_Learn1.csproj", "{C053EA3E-86AE-4CB2-9614-6970F928F05D}"
EndProject
Project("{9A19103F-16F7-4668-BE54-9A1E7A4F7556}") = "CppInvoke1", "CppInvoke1\CppInvoke1.csproj", "{72543DF8-B476-4DEA-B2E6-11D4BAD667A5}"
EndProject
Project("{8BC9CEB8-8B4A-11D0-8D11-00A0C91BC942}") = "CppDll1", "CppDll1\CppDll1.vcxproj", "{F0D4EB57-7830-4F9E-9FE3-B2251DBB80C9}"
EndProject
Project("{9A19103F-16F7-4668-BE54-9A1E7A4F7556}") = "Wpf_ControlAdd", "Wpf_ControlAdd\Wpf_ControlAdd.csproj", "{EE0F4641-1210-4E20-9AF1-7217FBB20050}"
EndProject
Project("{9A19103F-16F7-4668-BE54-9A1E7A4F7556}") = "7.Queue", "7.Queue\7.Queue.csproj", "{1A5A317D-022E-4591-985A-E4DC4BB22C33}"
EndProject
Project("{9A19103F-16F7-4668-BE54-9A1E7A4F7556}") = "8.DrawRoi", "8.DrawRoi\8.DrawRoi.csproj", "{FFAE8729-3761-42AC-B4C9-3D992DD0DD1E}"
EndProject
Project("{9A19103F-16F7-4668-BE54-9A1E7A4F7556}") = "9.HImage2BitmapImage", "9.HImage2BitmapImage\9.HImage2BitmapImage.csproj", "{260CA4B2-D6F9-4C36-8061-00DDD6AB1D21}"
EndProject
Project("{9A19103F-16F7-4668-BE54-9A1E7A4F7556}") = "10.ProcessImg", "10.ProcessImg\10.ProcessImg.csproj", "{54C56CF6-21AA-466D-A85A-1580B295EA30}"
EndProject
Project("{9A19103F-16F7-4668-BE54-9A1E7A4F7556}") = "11.ROItoModel", "11.ROItoModel\11.ROItoModel.csproj", "{BF04EF5F-6650-40E7-9E85-CBD2B26E48CD}"
EndProject
Project("{9A19103F-16F7-4668-BE54-9A1E7A4F7556}") = "12.ROIforImageLocation", "12.ROIforImageLocation\12.ROIforImageLocation.csproj", "{E9B2E62E-6013-4BCB-89E3-3E16A5206D22}"
EndProject
Project("{9A19103F-16F7-4668-BE54-9A1E7A4F7556}") = "13.MVVM_Learn01", "13.MVVM_Learn01\13.MVVM_Learn01.csproj", "{DEAEE9D9-01E2-4C3E-8997-7CDEE50AE0ED}"
EndProject
Project("{9A19103F-16F7-4668-BE54-9A1E7A4F7556}") = "14.Postgresql_Json", "14.Postgresql_Json\14.Postgresql_Json.csproj", "{A3E7A50C-1A03-495A-B42C-E6D0CEDD43AF}"
EndProject
Project("{9A19103F-16F7-4668-BE54-9A1E7A4F7556}") = "15.UnitTest", "15.UnitTest\15.UnitTest.csproj", "{FB7D805E-76EA-4EFB-9663-FB055BA77267}"
EndProject
Project("{9A19103F-16F7-4668-BE54-9A1E7A4F7556}") = "16.UnitTest.Test", "16.UnitTest.Test\16.UnitTest.Test.csproj", "{34E176FD-AFE1-48B9-86A6-24510471730E}"
EndProject
Project("{9A19103F-16F7-4668-BE54-9A1E7A4F7556}") = "17.InterfaceChildView", "17.InterfaceChildView\17.InterfaceChildView.csproj", "{095272AA-C17B-4EC2-9679-B1C676AFF6E5}"
EndProject
Project("{FAE04EC0-301F-11D3-BF4B-00C04F79EFBC}") = "18.ListboxRadioButton", "18.ListboxRadioButton\18.ListboxRadioButton.csproj", "{6562DCD2-BFE9-45AC-8B32-8A84F0963369}"
EndProject
Global
	GlobalSection(SolutionConfigurationPlatforms) = preSolution
		Debug|Any CPU = Debug|Any CPU
		Debug|x64 = Debug|x64
		Debug|x86 = Debug|x86
		Release|Any CPU = Release|Any CPU
		Release|x64 = Release|x64
		Release|x86 = Release|x86
	EndGlobalSection
	GlobalSection(ProjectConfigurationPlatforms) = postSolution
		{C2B80AF6-81EF-4F6C-BF98-1F1269A3EAC6}.Debug|Any CPU.ActiveCfg = Debug|Any CPU
		{C2B80AF6-81EF-4F6C-BF98-1F1269A3EAC6}.Debug|Any CPU.Build.0 = Debug|Any CPU
		{C2B80AF6-81EF-4F6C-BF98-1F1269A3EAC6}.Debug|x64.ActiveCfg = Debug|Any CPU
		{C2B80AF6-81EF-4F6C-BF98-1F1269A3EAC6}.Debug|x64.Build.0 = Debug|Any CPU
		{C2B80AF6-81EF-4F6C-BF98-1F1269A3EAC6}.Debug|x86.ActiveCfg = Debug|Any CPU
		{C2B80AF6-81EF-4F6C-BF98-1F1269A3EAC6}.Debug|x86.Build.0 = Debug|Any CPU
		{C2B80AF6-81EF-4F6C-BF98-1F1269A3EAC6}.Release|Any CPU.ActiveCfg = Release|Any CPU
		{C2B80AF6-81EF-4F6C-BF98-1F1269A3EAC6}.Release|Any CPU.Build.0 = Release|Any CPU
		{C2B80AF6-81EF-4F6C-BF98-1F1269A3EAC6}.Release|x64.ActiveCfg = Release|Any CPU
		{C2B80AF6-81EF-4F6C-BF98-1F1269A3EAC6}.Release|x64.Build.0 = Release|Any CPU
		{C2B80AF6-81EF-4F6C-BF98-1F1269A3EAC6}.Release|x86.ActiveCfg = Release|Any CPU
		{C2B80AF6-81EF-4F6C-BF98-1F1269A3EAC6}.Release|x86.Build.0 = Release|Any CPU
		{C1283023-5D86-408C-BFD0-2228183779CF}.Debug|Any CPU.ActiveCfg = Debug|Any CPU
		{C1283023-5D86-408C-BFD0-2228183779CF}.Debug|Any CPU.Build.0 = Debug|Any CPU
		{C1283023-5D86-408C-BFD0-2228183779CF}.Debug|x64.ActiveCfg = Debug|Any CPU
		{C1283023-5D86-408C-BFD0-2228183779CF}.Debug|x64.Build.0 = Debug|Any CPU
		{C1283023-5D86-408C-BFD0-2228183779CF}.Debug|x86.ActiveCfg = Debug|Any CPU
		{C1283023-5D86-408C-BFD0-2228183779CF}.Debug|x86.Build.0 = Debug|Any CPU
		{C1283023-5D86-408C-BFD0-2228183779CF}.Release|Any CPU.ActiveCfg = Release|Any CPU
		{C1283023-5D86-408C-BFD0-2228183779CF}.Release|Any CPU.Build.0 = Release|Any CPU
		{C1283023-5D86-408C-BFD0-2228183779CF}.Release|x64.ActiveCfg = Release|Any CPU
		{C1283023-5D86-408C-BFD0-2228183779CF}.Release|x64.Build.0 = Release|Any CPU
		{C1283023-5D86-408C-BFD0-2228183779CF}.Release|x86.ActiveCfg = Release|Any CPU
		{C1283023-5D86-408C-BFD0-2228183779CF}.Release|x86.Build.0 = Release|Any CPU
		{E3B91CEA-38A5-4595-84E6-2CF2983D9BA1}.Debug|Any CPU.ActiveCfg = Debug|Any CPU
		{E3B91CEA-38A5-4595-84E6-2CF2983D9BA1}.Debug|Any CPU.Build.0 = Debug|Any CPU
		{E3B91CEA-38A5-4595-84E6-2CF2983D9BA1}.Debug|x64.ActiveCfg = Debug|Any CPU
		{E3B91CEA-38A5-4595-84E6-2CF2983D9BA1}.Debug|x64.Build.0 = Debug|Any CPU
		{E3B91CEA-38A5-4595-84E6-2CF2983D9BA1}.Debug|x86.ActiveCfg = Debug|Any CPU
		{E3B91CEA-38A5-4595-84E6-2CF2983D9BA1}.Debug|x86.Build.0 = Debug|Any CPU
		{E3B91CEA-38A5-4595-84E6-2CF2983D9BA1}.Release|Any CPU.ActiveCfg = Release|Any CPU
		{E3B91CEA-38A5-4595-84E6-2CF2983D9BA1}.Release|Any CPU.Build.0 = Release|Any CPU
		{E3B91CEA-38A5-4595-84E6-2CF2983D9BA1}.Release|x64.ActiveCfg = Release|Any CPU
		{E3B91CEA-38A5-4595-84E6-2CF2983D9BA1}.Release|x64.Build.0 = Release|Any CPU
		{E3B91CEA-38A5-4595-84E6-2CF2983D9BA1}.Release|x86.ActiveCfg = Release|Any CPU
		{E3B91CEA-38A5-4595-84E6-2CF2983D9BA1}.Release|x86.Build.0 = Release|Any CPU
		{52EF6311-A97D-4FBE-8B77-4FE175E7A80A}.Debug|Any CPU.ActiveCfg = Debug|Any CPU
		{52EF6311-A97D-4FBE-8B77-4FE175E7A80A}.Debug|Any CPU.Build.0 = Debug|Any CPU
		{52EF6311-A97D-4FBE-8B77-4FE175E7A80A}.Debug|x64.ActiveCfg = Debug|Any CPU
		{52EF6311-A97D-4FBE-8B77-4FE175E7A80A}.Debug|x64.Build.0 = Debug|Any CPU
		{52EF6311-A97D-4FBE-8B77-4FE175E7A80A}.Debug|x86.ActiveCfg = Debug|Any CPU
		{52EF6311-A97D-4FBE-8B77-4FE175E7A80A}.Debug|x86.Build.0 = Debug|Any CPU
		{52EF6311-A97D-4FBE-8B77-4FE175E7A80A}.Release|Any CPU.ActiveCfg = Release|Any CPU
		{52EF6311-A97D-4FBE-8B77-4FE175E7A80A}.Release|Any CPU.Build.0 = Release|Any CPU
		{52EF6311-A97D-4FBE-8B77-4FE175E7A80A}.Release|x64.ActiveCfg = Release|Any CPU
		{52EF6311-A97D-4FBE-8B77-4FE175E7A80A}.Release|x64.Build.0 = Release|Any CPU
		{52EF6311-A97D-4FBE-8B77-4FE175E7A80A}.Release|x86.ActiveCfg = Release|Any CPU
		{52EF6311-A97D-4FBE-8B77-4FE175E7A80A}.Release|x86.Build.0 = Release|Any CPU
		{1D236C88-3C48-4603-97F9-BED89E6C9F88}.Debug|Any CPU.ActiveCfg = Debug|Any CPU
		{1D236C88-3C48-4603-97F9-BED89E6C9F88}.Debug|Any CPU.Build.0 = Debug|Any CPU
		{1D236C88-3C48-4603-97F9-BED89E6C9F88}.Debug|x64.ActiveCfg = Debug|Any CPU
		{1D236C88-3C48-4603-97F9-BED89E6C9F88}.Debug|x64.Build.0 = Debug|Any CPU
		{1D236C88-3C48-4603-97F9-BED89E6C9F88}.Debug|x86.ActiveCfg = Debug|Any CPU
		{1D236C88-3C48-4603-97F9-BED89E6C9F88}.Debug|x86.Build.0 = Debug|Any CPU
		{1D236C88-3C48-4603-97F9-BED89E6C9F88}.Release|Any CPU.ActiveCfg = Release|Any CPU
		{1D236C88-3C48-4603-97F9-BED89E6C9F88}.Release|Any CPU.Build.0 = Release|Any CPU
		{1D236C88-3C48-4603-97F9-BED89E6C9F88}.Release|x64.ActiveCfg = Release|Any CPU
		{1D236C88-3C48-4603-97F9-BED89E6C9F88}.Release|x64.Build.0 = Release|Any CPU
		{1D236C88-3C48-4603-97F9-BED89E6C9F88}.Release|x86.ActiveCfg = Release|Any CPU
		{1D236C88-3C48-4603-97F9-BED89E6C9F88}.Release|x86.Build.0 = Release|Any CPU
		{DF0BC8CC-5BE4-4AE8-9EC0-44CF5994AC48}.Debug|Any CPU.ActiveCfg = Debug|Any CPU
		{DF0BC8CC-5BE4-4AE8-9EC0-44CF5994AC48}.Debug|Any CPU.Build.0 = Debug|Any CPU
		{DF0BC8CC-5BE4-4AE8-9EC0-44CF5994AC48}.Debug|x64.ActiveCfg = Debug|Any CPU
		{DF0BC8CC-5BE4-4AE8-9EC0-44CF5994AC48}.Debug|x64.Build.0 = Debug|Any CPU
		{DF0BC8CC-5BE4-4AE8-9EC0-44CF5994AC48}.Debug|x86.ActiveCfg = Debug|Any CPU
		{DF0BC8CC-5BE4-4AE8-9EC0-44CF5994AC48}.Debug|x86.Build.0 = Debug|Any CPU
		{DF0BC8CC-5BE4-4AE8-9EC0-44CF5994AC48}.Release|Any CPU.ActiveCfg = Release|Any CPU
		{DF0BC8CC-5BE4-4AE8-9EC0-44CF5994AC48}.Release|Any CPU.Build.0 = Release|Any CPU
		{DF0BC8CC-5BE4-4AE8-9EC0-44CF5994AC48}.Release|x64.ActiveCfg = Release|Any CPU
		{DF0BC8CC-5BE4-4AE8-9EC0-44CF5994AC48}.Release|x64.Build.0 = Release|Any CPU
		{DF0BC8CC-5BE4-4AE8-9EC0-44CF5994AC48}.Release|x86.ActiveCfg = Release|Any CPU
		{DF0BC8CC-5BE4-4AE8-9EC0-44CF5994AC48}.Release|x86.Build.0 = Release|Any CPU
		{D14AE194-F330-4FAB-8532-1EF5E7F4159D}.Debug|Any CPU.ActiveCfg = Debug|Any CPU
		{D14AE194-F330-4FAB-8532-1EF5E7F4159D}.Debug|Any CPU.Build.0 = Debug|Any CPU
		{D14AE194-F330-4FAB-8532-1EF5E7F4159D}.Debug|x64.ActiveCfg = Debug|Any CPU
		{D14AE194-F330-4FAB-8532-1EF5E7F4159D}.Debug|x64.Build.0 = Debug|Any CPU
		{D14AE194-F330-4FAB-8532-1EF5E7F4159D}.Debug|x86.ActiveCfg = Debug|Any CPU
		{D14AE194-F330-4FAB-8532-1EF5E7F4159D}.Debug|x86.Build.0 = Debug|Any CPU
		{D14AE194-F330-4FAB-8532-1EF5E7F4159D}.Release|Any CPU.ActiveCfg = Release|Any CPU
		{D14AE194-F330-4FAB-8532-1EF5E7F4159D}.Release|Any CPU.Build.0 = Release|Any CPU
		{D14AE194-F330-4FAB-8532-1EF5E7F4159D}.Release|x64.ActiveCfg = Release|Any CPU
		{D14AE194-F330-4FAB-8532-1EF5E7F4159D}.Release|x64.Build.0 = Release|Any CPU
		{D14AE194-F330-4FAB-8532-1EF5E7F4159D}.Release|x86.ActiveCfg = Release|Any CPU
		{D14AE194-F330-4FAB-8532-1EF5E7F4159D}.Release|x86.Build.0 = Release|Any CPU
		{31ECB2B1-5E07-4540-9FC3-6731CA80D338}.Debug|Any CPU.ActiveCfg = Debug|Any CPU
		{31ECB2B1-5E07-4540-9FC3-6731CA80D338}.Debug|Any CPU.Build.0 = Debug|Any CPU
		{31ECB2B1-5E07-4540-9FC3-6731CA80D338}.Debug|x64.ActiveCfg = Debug|Any CPU
		{31ECB2B1-5E07-4540-9FC3-6731CA80D338}.Debug|x64.Build.0 = Debug|Any CPU
		{31ECB2B1-5E07-4540-9FC3-6731CA80D338}.Debug|x86.ActiveCfg = Debug|Any CPU
		{31ECB2B1-5E07-4540-9FC3-6731CA80D338}.Debug|x86.Build.0 = Debug|Any CPU
		{31ECB2B1-5E07-4540-9FC3-6731CA80D338}.Release|Any CPU.ActiveCfg = Release|Any CPU
		{31ECB2B1-5E07-4540-9FC3-6731CA80D338}.Release|Any CPU.Build.0 = Release|Any CPU
		{31ECB2B1-5E07-4540-9FC3-6731CA80D338}.Release|x64.ActiveCfg = Release|Any CPU
		{31ECB2B1-5E07-4540-9FC3-6731CA80D338}.Release|x64.Build.0 = Release|Any CPU
		{31ECB2B1-5E07-4540-9FC3-6731CA80D338}.Release|x86.ActiveCfg = Release|Any CPU
		{31ECB2B1-5E07-4540-9FC3-6731CA80D338}.Release|x86.Build.0 = Release|Any CPU
		{07BA35D0-1CDA-445B-A1AB-18437D59B919}.Debug|Any CPU.ActiveCfg = Debug|Any CPU
		{07BA35D0-1CDA-445B-A1AB-18437D59B919}.Debug|Any CPU.Build.0 = Debug|Any CPU
		{07BA35D0-1CDA-445B-A1AB-18437D59B919}.Debug|x64.ActiveCfg = Debug|Any CPU
		{07BA35D0-1CDA-445B-A1AB-18437D59B919}.Debug|x64.Build.0 = Debug|Any CPU
		{07BA35D0-1CDA-445B-A1AB-18437D59B919}.Debug|x86.ActiveCfg = Debug|Any CPU
		{07BA35D0-1CDA-445B-A1AB-18437D59B919}.Debug|x86.Build.0 = Debug|Any CPU
		{07BA35D0-1CDA-445B-A1AB-18437D59B919}.Release|Any CPU.ActiveCfg = Release|Any CPU
		{07BA35D0-1CDA-445B-A1AB-18437D59B919}.Release|Any CPU.Build.0 = Release|Any CPU
		{07BA35D0-1CDA-445B-A1AB-18437D59B919}.Release|x64.ActiveCfg = Release|Any CPU
		{07BA35D0-1CDA-445B-A1AB-18437D59B919}.Release|x64.Build.0 = Release|Any CPU
		{07BA35D0-1CDA-445B-A1AB-18437D59B919}.Release|x86.ActiveCfg = Release|Any CPU
		{07BA35D0-1CDA-445B-A1AB-18437D59B919}.Release|x86.Build.0 = Release|Any CPU
		{A1BB2459-CD81-455E-8E39-27F17B7C51F8}.Debug|Any CPU.ActiveCfg = Debug|Any CPU
		{A1BB2459-CD81-455E-8E39-27F17B7C51F8}.Debug|Any CPU.Build.0 = Debug|Any CPU
		{A1BB2459-CD81-455E-8E39-27F17B7C51F8}.Debug|x64.ActiveCfg = Debug|Any CPU
		{A1BB2459-CD81-455E-8E39-27F17B7C51F8}.Debug|x64.Build.0 = Debug|Any CPU
		{A1BB2459-CD81-455E-8E39-27F17B7C51F8}.Debug|x86.ActiveCfg = Debug|Any CPU
		{A1BB2459-CD81-455E-8E39-27F17B7C51F8}.Debug|x86.Build.0 = Debug|Any CPU
		{A1BB2459-CD81-455E-8E39-27F17B7C51F8}.Release|Any CPU.ActiveCfg = Release|Any CPU
		{A1BB2459-CD81-455E-8E39-27F17B7C51F8}.Release|Any CPU.Build.0 = Release|Any CPU
		{A1BB2459-CD81-455E-8E39-27F17B7C51F8}.Release|x64.ActiveCfg = Release|Any CPU
		{A1BB2459-CD81-455E-8E39-27F17B7C51F8}.Release|x64.Build.0 = Release|Any CPU
		{A1BB2459-CD81-455E-8E39-27F17B7C51F8}.Release|x86.ActiveCfg = Release|Any CPU
		{A1BB2459-CD81-455E-8E39-27F17B7C51F8}.Release|x86.Build.0 = Release|Any CPU
		{2501DB21-B999-45B4-B8F6-55ACE728D23C}.Debug|Any CPU.ActiveCfg = Debug|Any CPU
		{2501DB21-B999-45B4-B8F6-55ACE728D23C}.Debug|Any CPU.Build.0 = Debug|Any CPU
		{2501DB21-B999-45B4-B8F6-55ACE728D23C}.Debug|x64.ActiveCfg = Debug|Any CPU
		{2501DB21-B999-45B4-B8F6-55ACE728D23C}.Debug|x64.Build.0 = Debug|Any CPU
		{2501DB21-B999-45B4-B8F6-55ACE728D23C}.Debug|x86.ActiveCfg = Debug|Any CPU
		{2501DB21-B999-45B4-B8F6-55ACE728D23C}.Debug|x86.Build.0 = Debug|Any CPU
		{2501DB21-B999-45B4-B8F6-55ACE728D23C}.Release|Any CPU.ActiveCfg = Release|Any CPU
		{2501DB21-B999-45B4-B8F6-55ACE728D23C}.Release|Any CPU.Build.0 = Release|Any CPU
		{2501DB21-B999-45B4-B8F6-55ACE728D23C}.Release|x64.ActiveCfg = Release|Any CPU
		{2501DB21-B999-45B4-B8F6-55ACE728D23C}.Release|x64.Build.0 = Release|Any CPU
		{2501DB21-B999-45B4-B8F6-55ACE728D23C}.Release|x86.ActiveCfg = Release|Any CPU
		{2501DB21-B999-45B4-B8F6-55ACE728D23C}.Release|x86.Build.0 = Release|Any CPU
		{A1887812-1E18-410B-A987-A42F0056B8E2}.Debug|Any CPU.ActiveCfg = Debug|Any CPU
		{A1887812-1E18-410B-A987-A42F0056B8E2}.Debug|Any CPU.Build.0 = Debug|Any CPU
		{A1887812-1E18-410B-A987-A42F0056B8E2}.Debug|x64.ActiveCfg = Debug|Any CPU
		{A1887812-1E18-410B-A987-A42F0056B8E2}.Debug|x64.Build.0 = Debug|Any CPU
		{A1887812-1E18-410B-A987-A42F0056B8E2}.Debug|x86.ActiveCfg = Debug|Any CPU
		{A1887812-1E18-410B-A987-A42F0056B8E2}.Debug|x86.Build.0 = Debug|Any CPU
		{A1887812-1E18-410B-A987-A42F0056B8E2}.Release|Any CPU.ActiveCfg = Release|Any CPU
		{A1887812-1E18-410B-A987-A42F0056B8E2}.Release|Any CPU.Build.0 = Release|Any CPU
		{A1887812-1E18-410B-A987-A42F0056B8E2}.Release|x64.ActiveCfg = Release|Any CPU
		{A1887812-1E18-410B-A987-A42F0056B8E2}.Release|x64.Build.0 = Release|Any CPU
		{A1887812-1E18-410B-A987-A42F0056B8E2}.Release|x86.ActiveCfg = Release|Any CPU
		{A1887812-1E18-410B-A987-A42F0056B8E2}.Release|x86.Build.0 = Release|Any CPU
		{998D86AB-A72C-4CDE-86CF-253761115208}.Debug|Any CPU.ActiveCfg = Debug|Any CPU
		{998D86AB-A72C-4CDE-86CF-253761115208}.Debug|Any CPU.Build.0 = Debug|Any CPU
		{998D86AB-A72C-4CDE-86CF-253761115208}.Debug|x64.ActiveCfg = Debug|Any CPU
		{998D86AB-A72C-4CDE-86CF-253761115208}.Debug|x64.Build.0 = Debug|Any CPU
		{998D86AB-A72C-4CDE-86CF-253761115208}.Debug|x86.ActiveCfg = Debug|Any CPU
		{998D86AB-A72C-4CDE-86CF-253761115208}.Debug|x86.Build.0 = Debug|Any CPU
		{998D86AB-A72C-4CDE-86CF-253761115208}.Release|Any CPU.ActiveCfg = Release|Any CPU
		{998D86AB-A72C-4CDE-86CF-253761115208}.Release|Any CPU.Build.0 = Release|Any CPU
		{998D86AB-A72C-4CDE-86CF-253761115208}.Release|x64.ActiveCfg = Release|Any CPU
		{998D86AB-A72C-4CDE-86CF-253761115208}.Release|x64.Build.0 = Release|Any CPU
		{998D86AB-A72C-4CDE-86CF-253761115208}.Release|x86.ActiveCfg = Release|Any CPU
		{998D86AB-A72C-4CDE-86CF-253761115208}.Release|x86.Build.0 = Release|Any CPU
		{72C41C71-9C15-41E5-B8CD-171FDF8DC2EE}.Debug|Any CPU.ActiveCfg = Debug|Any CPU
		{72C41C71-9C15-41E5-B8CD-171FDF8DC2EE}.Debug|Any CPU.Build.0 = Debug|Any CPU
		{72C41C71-9C15-41E5-B8CD-171FDF8DC2EE}.Debug|x64.ActiveCfg = Debug|Any CPU
		{72C41C71-9C15-41E5-B8CD-171FDF8DC2EE}.Debug|x64.Build.0 = Debug|Any CPU
		{72C41C71-9C15-41E5-B8CD-171FDF8DC2EE}.Debug|x86.ActiveCfg = Debug|Any CPU
		{72C41C71-9C15-41E5-B8CD-171FDF8DC2EE}.Debug|x86.Build.0 = Debug|Any CPU
		{72C41C71-9C15-41E5-B8CD-171FDF8DC2EE}.Release|Any CPU.ActiveCfg = Release|Any CPU
		{72C41C71-9C15-41E5-B8CD-171FDF8DC2EE}.Release|Any CPU.Build.0 = Release|Any CPU
		{72C41C71-9C15-41E5-B8CD-171FDF8DC2EE}.Release|x64.ActiveCfg = Release|Any CPU
		{72C41C71-9C15-41E5-B8CD-171FDF8DC2EE}.Release|x64.Build.0 = Release|Any CPU
		{72C41C71-9C15-41E5-B8CD-171FDF8DC2EE}.Release|x86.ActiveCfg = Release|Any CPU
		{72C41C71-9C15-41E5-B8CD-171FDF8DC2EE}.Release|x86.Build.0 = Release|Any CPU
		{5048477C-BFC1-42B6-9A7A-34370EB205F3}.Debug|Any CPU.ActiveCfg = Debug|Any CPU
		{5048477C-BFC1-42B6-9A7A-34370EB205F3}.Debug|Any CPU.Build.0 = Debug|Any CPU
		{5048477C-BFC1-42B6-9A7A-34370EB205F3}.Debug|x64.ActiveCfg = Debug|Any CPU
		{5048477C-BFC1-42B6-9A7A-34370EB205F3}.Debug|x64.Build.0 = Debug|Any CPU
		{5048477C-BFC1-42B6-9A7A-34370EB205F3}.Debug|x86.ActiveCfg = Debug|Any CPU
		{5048477C-BFC1-42B6-9A7A-34370EB205F3}.Debug|x86.Build.0 = Debug|Any CPU
		{5048477C-BFC1-42B6-9A7A-34370EB205F3}.Release|Any CPU.ActiveCfg = Release|Any CPU
		{5048477C-BFC1-42B6-9A7A-34370EB205F3}.Release|Any CPU.Build.0 = Release|Any CPU
		{5048477C-BFC1-42B6-9A7A-34370EB205F3}.Release|x64.ActiveCfg = Release|Any CPU
		{5048477C-BFC1-42B6-9A7A-34370EB205F3}.Release|x64.Build.0 = Release|Any CPU
		{5048477C-BFC1-42B6-9A7A-34370EB205F3}.Release|x86.ActiveCfg = Release|Any CPU
		{5048477C-BFC1-42B6-9A7A-34370EB205F3}.Release|x86.Build.0 = Release|Any CPU
		{DFB50834-08BD-441B-B4D8-C26C72AFD4F1}.Debug|Any CPU.ActiveCfg = Debug|Any CPU
		{DFB50834-08BD-441B-B4D8-C26C72AFD4F1}.Debug|Any CPU.Build.0 = Debug|Any CPU
		{DFB50834-08BD-441B-B4D8-C26C72AFD4F1}.Debug|x64.ActiveCfg = Debug|Any CPU
		{DFB50834-08BD-441B-B4D8-C26C72AFD4F1}.Debug|x64.Build.0 = Debug|Any CPU
		{DFB50834-08BD-441B-B4D8-C26C72AFD4F1}.Debug|x86.ActiveCfg = Debug|Any CPU
		{DFB50834-08BD-441B-B4D8-C26C72AFD4F1}.Debug|x86.Build.0 = Debug|Any CPU
		{DFB50834-08BD-441B-B4D8-C26C72AFD4F1}.Release|Any CPU.ActiveCfg = Release|Any CPU
		{DFB50834-08BD-441B-B4D8-C26C72AFD4F1}.Release|Any CPU.Build.0 = Release|Any CPU
		{DFB50834-08BD-441B-B4D8-C26C72AFD4F1}.Release|x64.ActiveCfg = Release|Any CPU
		{DFB50834-08BD-441B-B4D8-C26C72AFD4F1}.Release|x64.Build.0 = Release|Any CPU
		{DFB50834-08BD-441B-B4D8-C26C72AFD4F1}.Release|x86.ActiveCfg = Release|Any CPU
		{DFB50834-08BD-441B-B4D8-C26C72AFD4F1}.Release|x86.Build.0 = Release|Any CPU
		{C053EA3E-86AE-4CB2-9614-6970F928F05D}.Debug|Any CPU.ActiveCfg = Debug|Any CPU
		{C053EA3E-86AE-4CB2-9614-6970F928F05D}.Debug|Any CPU.Build.0 = Debug|Any CPU
		{C053EA3E-86AE-4CB2-9614-6970F928F05D}.Debug|x64.ActiveCfg = Debug|Any CPU
		{C053EA3E-86AE-4CB2-9614-6970F928F05D}.Debug|x64.Build.0 = Debug|Any CPU
		{C053EA3E-86AE-4CB2-9614-6970F928F05D}.Debug|x86.ActiveCfg = Debug|Any CPU
		{C053EA3E-86AE-4CB2-9614-6970F928F05D}.Debug|x86.Build.0 = Debug|Any CPU
		{C053EA3E-86AE-4CB2-9614-6970F928F05D}.Release|Any CPU.ActiveCfg = Release|Any CPU
		{C053EA3E-86AE-4CB2-9614-6970F928F05D}.Release|Any CPU.Build.0 = Release|Any CPU
		{C053EA3E-86AE-4CB2-9614-6970F928F05D}.Release|x64.ActiveCfg = Release|Any CPU
		{C053EA3E-86AE-4CB2-9614-6970F928F05D}.Release|x64.Build.0 = Release|Any CPU
		{C053EA3E-86AE-4CB2-9614-6970F928F05D}.Release|x86.ActiveCfg = Release|Any CPU
		{C053EA3E-86AE-4CB2-9614-6970F928F05D}.Release|x86.Build.0 = Release|Any CPU
		{72543DF8-B476-4DEA-B2E6-11D4BAD667A5}.Debug|Any CPU.ActiveCfg = Debug|Any CPU
		{72543DF8-B476-4DEA-B2E6-11D4BAD667A5}.Debug|Any CPU.Build.0 = Debug|Any CPU
		{72543DF8-B476-4DEA-B2E6-11D4BAD667A5}.Debug|x64.ActiveCfg = Debug|Any CPU
		{72543DF8-B476-4DEA-B2E6-11D4BAD667A5}.Debug|x64.Build.0 = Debug|Any CPU
		{72543DF8-B476-4DEA-B2E6-11D4BAD667A5}.Debug|x86.ActiveCfg = Debug|Any CPU
		{72543DF8-B476-4DEA-B2E6-11D4BAD667A5}.Debug|x86.Build.0 = Debug|Any CPU
		{72543DF8-B476-4DEA-B2E6-11D4BAD667A5}.Release|Any CPU.ActiveCfg = Release|Any CPU
		{72543DF8-B476-4DEA-B2E6-11D4BAD667A5}.Release|Any CPU.Build.0 = Release|Any CPU
		{72543DF8-B476-4DEA-B2E6-11D4BAD667A5}.Release|x64.ActiveCfg = Release|Any CPU
		{72543DF8-B476-4DEA-B2E6-11D4BAD667A5}.Release|x64.Build.0 = Release|Any CPU
		{72543DF8-B476-4DEA-B2E6-11D4BAD667A5}.Release|x86.ActiveCfg = Release|Any CPU
		{72543DF8-B476-4DEA-B2E6-11D4BAD667A5}.Release|x86.Build.0 = Release|Any CPU
		{F0D4EB57-7830-4F9E-9FE3-B2251DBB80C9}.Debug|Any CPU.ActiveCfg = Debug|Win32
		{F0D4EB57-7830-4F9E-9FE3-B2251DBB80C9}.Debug|x64.ActiveCfg = Debug|x64
		{F0D4EB57-7830-4F9E-9FE3-B2251DBB80C9}.Debug|x64.Build.0 = Debug|x64
		{F0D4EB57-7830-4F9E-9FE3-B2251DBB80C9}.Debug|x86.ActiveCfg = Debug|Win32
		{F0D4EB57-7830-4F9E-9FE3-B2251DBB80C9}.Debug|x86.Build.0 = Debug|Win32
		{F0D4EB57-7830-4F9E-9FE3-B2251DBB80C9}.Release|Any CPU.ActiveCfg = Release|Win32
		{F0D4EB57-7830-4F9E-9FE3-B2251DBB80C9}.Release|x64.ActiveCfg = Release|x64
		{F0D4EB57-7830-4F9E-9FE3-B2251DBB80C9}.Release|x64.Build.0 = Release|x64
		{F0D4EB57-7830-4F9E-9FE3-B2251DBB80C9}.Release|x86.ActiveCfg = Release|Win32
		{F0D4EB57-7830-4F9E-9FE3-B2251DBB80C9}.Release|x86.Build.0 = Release|Win32
		{EE0F4641-1210-4E20-9AF1-7217FBB20050}.Debug|Any CPU.ActiveCfg = Debug|Any CPU
		{EE0F4641-1210-4E20-9AF1-7217FBB20050}.Debug|Any CPU.Build.0 = Debug|Any CPU
		{EE0F4641-1210-4E20-9AF1-7217FBB20050}.Debug|x64.ActiveCfg = Debug|Any CPU
		{EE0F4641-1210-4E20-9AF1-7217FBB20050}.Debug|x64.Build.0 = Debug|Any CPU
		{EE0F4641-1210-4E20-9AF1-7217FBB20050}.Debug|x86.ActiveCfg = Debug|Any CPU
		{EE0F4641-1210-4E20-9AF1-7217FBB20050}.Debug|x86.Build.0 = Debug|Any CPU
		{EE0F4641-1210-4E20-9AF1-7217FBB20050}.Release|Any CPU.ActiveCfg = Release|Any CPU
		{EE0F4641-1210-4E20-9AF1-7217FBB20050}.Release|Any CPU.Build.0 = Release|Any CPU
		{EE0F4641-1210-4E20-9AF1-7217FBB20050}.Release|x64.ActiveCfg = Release|Any CPU
		{EE0F4641-1210-4E20-9AF1-7217FBB20050}.Release|x64.Build.0 = Release|Any CPU
		{EE0F4641-1210-4E20-9AF1-7217FBB20050}.Release|x86.ActiveCfg = Release|Any CPU
		{EE0F4641-1210-4E20-9AF1-7217FBB20050}.Release|x86.Build.0 = Release|Any CPU
		{1A5A317D-022E-4591-985A-E4DC4BB22C33}.Debug|Any CPU.ActiveCfg = Debug|Any CPU
		{1A5A317D-022E-4591-985A-E4DC4BB22C33}.Debug|Any CPU.Build.0 = Debug|Any CPU
		{1A5A317D-022E-4591-985A-E4DC4BB22C33}.Debug|x64.ActiveCfg = Debug|Any CPU
		{1A5A317D-022E-4591-985A-E4DC4BB22C33}.Debug|x64.Build.0 = Debug|Any CPU
		{1A5A317D-022E-4591-985A-E4DC4BB22C33}.Debug|x86.ActiveCfg = Debug|Any CPU
		{1A5A317D-022E-4591-985A-E4DC4BB22C33}.Debug|x86.Build.0 = Debug|Any CPU
		{1A5A317D-022E-4591-985A-E4DC4BB22C33}.Release|Any CPU.ActiveCfg = Release|Any CPU
		{1A5A317D-022E-4591-985A-E4DC4BB22C33}.Release|Any CPU.Build.0 = Release|Any CPU
		{1A5A317D-022E-4591-985A-E4DC4BB22C33}.Release|x64.ActiveCfg = Release|Any CPU
		{1A5A317D-022E-4591-985A-E4DC4BB22C33}.Release|x64.Build.0 = Release|Any CPU
		{1A5A317D-022E-4591-985A-E4DC4BB22C33}.Release|x86.ActiveCfg = Release|Any CPU
		{1A5A317D-022E-4591-985A-E4DC4BB22C33}.Release|x86.Build.0 = Release|Any CPU
		{FFAE8729-3761-42AC-B4C9-3D992DD0DD1E}.Debug|Any CPU.ActiveCfg = Debug|Any CPU
		{FFAE8729-3761-42AC-B4C9-3D992DD0DD1E}.Debug|Any CPU.Build.0 = Debug|Any CPU
		{FFAE8729-3761-42AC-B4C9-3D992DD0DD1E}.Debug|x64.ActiveCfg = Debug|Any CPU
		{FFAE8729-3761-42AC-B4C9-3D992DD0DD1E}.Debug|x64.Build.0 = Debug|Any CPU
		{FFAE8729-3761-42AC-B4C9-3D992DD0DD1E}.Debug|x86.ActiveCfg = Debug|Any CPU
		{FFAE8729-3761-42AC-B4C9-3D992DD0DD1E}.Debug|x86.Build.0 = Debug|Any CPU
		{FFAE8729-3761-42AC-B4C9-3D992DD0DD1E}.Release|Any CPU.ActiveCfg = Release|Any CPU
		{FFAE8729-3761-42AC-B4C9-3D992DD0DD1E}.Release|Any CPU.Build.0 = Release|Any CPU
		{FFAE8729-3761-42AC-B4C9-3D992DD0DD1E}.Release|x64.ActiveCfg = Release|Any CPU
		{FFAE8729-3761-42AC-B4C9-3D992DD0DD1E}.Release|x64.Build.0 = Release|Any CPU
		{FFAE8729-3761-42AC-B4C9-3D992DD0DD1E}.Release|x86.ActiveCfg = Release|Any CPU
		{FFAE8729-3761-42AC-B4C9-3D992DD0DD1E}.Release|x86.Build.0 = Release|Any CPU
		{260CA4B2-D6F9-4C36-8061-00DDD6AB1D21}.Debug|Any CPU.ActiveCfg = Debug|Any CPU
		{260CA4B2-D6F9-4C36-8061-00DDD6AB1D21}.Debug|Any CPU.Build.0 = Debug|Any CPU
		{260CA4B2-D6F9-4C36-8061-00DDD6AB1D21}.Debug|x64.ActiveCfg = Debug|Any CPU
		{260CA4B2-D6F9-4C36-8061-00DDD6AB1D21}.Debug|x64.Build.0 = Debug|Any CPU
		{260CA4B2-D6F9-4C36-8061-00DDD6AB1D21}.Debug|x86.ActiveCfg = Debug|Any CPU
		{260CA4B2-D6F9-4C36-8061-00DDD6AB1D21}.Debug|x86.Build.0 = Debug|Any CPU
		{260CA4B2-D6F9-4C36-8061-00DDD6AB1D21}.Release|Any CPU.ActiveCfg = Release|Any CPU
		{260CA4B2-D6F9-4C36-8061-00DDD6AB1D21}.Release|Any CPU.Build.0 = Release|Any CPU
		{260CA4B2-D6F9-4C36-8061-00DDD6AB1D21}.Release|x64.ActiveCfg = Release|Any CPU
		{260CA4B2-D6F9-4C36-8061-00DDD6AB1D21}.Release|x64.Build.0 = Release|Any CPU
		{260CA4B2-D6F9-4C36-8061-00DDD6AB1D21}.Release|x86.ActiveCfg = Release|Any CPU
		{260CA4B2-D6F9-4C36-8061-00DDD6AB1D21}.Release|x86.Build.0 = Release|Any CPU
		{54C56CF6-21AA-466D-A85A-1580B295EA30}.Debug|Any CPU.ActiveCfg = Debug|Any CPU
		{54C56CF6-21AA-466D-A85A-1580B295EA30}.Debug|Any CPU.Build.0 = Debug|Any CPU
		{54C56CF6-21AA-466D-A85A-1580B295EA30}.Debug|x64.ActiveCfg = Debug|Any CPU
		{54C56CF6-21AA-466D-A85A-1580B295EA30}.Debug|x64.Build.0 = Debug|Any CPU
		{54C56CF6-21AA-466D-A85A-1580B295EA30}.Debug|x86.ActiveCfg = Debug|Any CPU
		{54C56CF6-21AA-466D-A85A-1580B295EA30}.Debug|x86.Build.0 = Debug|Any CPU
		{54C56CF6-21AA-466D-A85A-1580B295EA30}.Release|Any CPU.ActiveCfg = Release|Any CPU
		{54C56CF6-21AA-466D-A85A-1580B295EA30}.Release|Any CPU.Build.0 = Release|Any CPU
		{54C56CF6-21AA-466D-A85A-1580B295EA30}.Release|x64.ActiveCfg = Release|Any CPU
		{54C56CF6-21AA-466D-A85A-1580B295EA30}.Release|x64.Build.0 = Release|Any CPU
		{54C56CF6-21AA-466D-A85A-1580B295EA30}.Release|x86.ActiveCfg = Release|Any CPU
		{54C56CF6-21AA-466D-A85A-1580B295EA30}.Release|x86.Build.0 = Release|Any CPU
		{BF04EF5F-6650-40E7-9E85-CBD2B26E48CD}.Debug|Any CPU.ActiveCfg = Debug|Any CPU
		{BF04EF5F-6650-40E7-9E85-CBD2B26E48CD}.Debug|Any CPU.Build.0 = Debug|Any CPU
		{BF04EF5F-6650-40E7-9E85-CBD2B26E48CD}.Debug|x64.ActiveCfg = Debug|Any CPU
		{BF04EF5F-6650-40E7-9E85-CBD2B26E48CD}.Debug|x64.Build.0 = Debug|Any CPU
		{BF04EF5F-6650-40E7-9E85-CBD2B26E48CD}.Debug|x86.ActiveCfg = Debug|Any CPU
		{BF04EF5F-6650-40E7-9E85-CBD2B26E48CD}.Debug|x86.Build.0 = Debug|Any CPU
		{BF04EF5F-6650-40E7-9E85-CBD2B26E48CD}.Release|Any CPU.ActiveCfg = Release|Any CPU
		{BF04EF5F-6650-40E7-9E85-CBD2B26E48CD}.Release|Any CPU.Build.0 = Release|Any CPU
		{BF04EF5F-6650-40E7-9E85-CBD2B26E48CD}.Release|x64.ActiveCfg = Release|Any CPU
		{BF04EF5F-6650-40E7-9E85-CBD2B26E48CD}.Release|x64.Build.0 = Release|Any CPU
		{BF04EF5F-6650-40E7-9E85-CBD2B26E48CD}.Release|x86.ActiveCfg = Release|Any CPU
		{BF04EF5F-6650-40E7-9E85-CBD2B26E48CD}.Release|x86.Build.0 = Release|Any CPU
		{E9B2E62E-6013-4BCB-89E3-3E16A5206D22}.Debug|Any CPU.ActiveCfg = Debug|Any CPU
		{E9B2E62E-6013-4BCB-89E3-3E16A5206D22}.Debug|Any CPU.Build.0 = Debug|Any CPU
		{E9B2E62E-6013-4BCB-89E3-3E16A5206D22}.Debug|x64.ActiveCfg = Debug|Any CPU
		{E9B2E62E-6013-4BCB-89E3-3E16A5206D22}.Debug|x64.Build.0 = Debug|Any CPU
		{E9B2E62E-6013-4BCB-89E3-3E16A5206D22}.Debug|x86.ActiveCfg = Debug|Any CPU
		{E9B2E62E-6013-4BCB-89E3-3E16A5206D22}.Debug|x86.Build.0 = Debug|Any CPU
		{E9B2E62E-6013-4BCB-89E3-3E16A5206D22}.Release|Any CPU.ActiveCfg = Release|Any CPU
		{E9B2E62E-6013-4BCB-89E3-3E16A5206D22}.Release|Any CPU.Build.0 = Release|Any CPU
		{E9B2E62E-6013-4BCB-89E3-3E16A5206D22}.Release|x64.ActiveCfg = Release|Any CPU
		{E9B2E62E-6013-4BCB-89E3-3E16A5206D22}.Release|x64.Build.0 = Release|Any CPU
		{E9B2E62E-6013-4BCB-89E3-3E16A5206D22}.Release|x86.ActiveCfg = Release|Any CPU
		{E9B2E62E-6013-4BCB-89E3-3E16A5206D22}.Release|x86.Build.0 = Release|Any CPU
		{DEAEE9D9-01E2-4C3E-8997-7CDEE50AE0ED}.Debug|Any CPU.ActiveCfg = Debug|Any CPU
		{DEAEE9D9-01E2-4C3E-8997-7CDEE50AE0ED}.Debug|Any CPU.Build.0 = Debug|Any CPU
		{DEAEE9D9-01E2-4C3E-8997-7CDEE50AE0ED}.Debug|x64.ActiveCfg = Debug|Any CPU
		{DEAEE9D9-01E2-4C3E-8997-7CDEE50AE0ED}.Debug|x64.Build.0 = Debug|Any CPU
		{DEAEE9D9-01E2-4C3E-8997-7CDEE50AE0ED}.Debug|x86.ActiveCfg = Debug|Any CPU
		{DEAEE9D9-01E2-4C3E-8997-7CDEE50AE0ED}.Debug|x86.Build.0 = Debug|Any CPU
		{DEAEE9D9-01E2-4C3E-8997-7CDEE50AE0ED}.Release|Any CPU.ActiveCfg = Release|Any CPU
		{DEAEE9D9-01E2-4C3E-8997-7CDEE50AE0ED}.Release|Any CPU.Build.0 = Release|Any CPU
		{DEAEE9D9-01E2-4C3E-8997-7CDEE50AE0ED}.Release|x64.ActiveCfg = Release|Any CPU
		{DEAEE9D9-01E2-4C3E-8997-7CDEE50AE0ED}.Release|x64.Build.0 = Release|Any CPU
		{DEAEE9D9-01E2-4C3E-8997-7CDEE50AE0ED}.Release|x86.ActiveCfg = Release|Any CPU
		{DEAEE9D9-01E2-4C3E-8997-7CDEE50AE0ED}.Release|x86.Build.0 = Release|Any CPU
		{A3E7A50C-1A03-495A-B42C-E6D0CEDD43AF}.Debug|Any CPU.ActiveCfg = Debug|Any CPU
		{A3E7A50C-1A03-495A-B42C-E6D0CEDD43AF}.Debug|Any CPU.Build.0 = Debug|Any CPU
		{A3E7A50C-1A03-495A-B42C-E6D0CEDD43AF}.Debug|x64.ActiveCfg = Debug|Any CPU
		{A3E7A50C-1A03-495A-B42C-E6D0CEDD43AF}.Debug|x64.Build.0 = Debug|Any CPU
		{A3E7A50C-1A03-495A-B42C-E6D0CEDD43AF}.Debug|x86.ActiveCfg = Debug|Any CPU
		{A3E7A50C-1A03-495A-B42C-E6D0CEDD43AF}.Debug|x86.Build.0 = Debug|Any CPU
		{A3E7A50C-1A03-495A-B42C-E6D0CEDD43AF}.Release|Any CPU.ActiveCfg = Release|Any CPU
		{A3E7A50C-1A03-495A-B42C-E6D0CEDD43AF}.Release|Any CPU.Build.0 = Release|Any CPU
		{A3E7A50C-1A03-495A-B42C-E6D0CEDD43AF}.Release|x64.ActiveCfg = Release|Any CPU
		{A3E7A50C-1A03-495A-B42C-E6D0CEDD43AF}.Release|x64.Build.0 = Release|Any CPU
		{A3E7A50C-1A03-495A-B42C-E6D0CEDD43AF}.Release|x86.ActiveCfg = Release|Any CPU
		{A3E7A50C-1A03-495A-B42C-E6D0CEDD43AF}.Release|x86.Build.0 = Release|Any CPU
		{FB7D805E-76EA-4EFB-9663-FB055BA77267}.Debug|Any CPU.ActiveCfg = Debug|Any CPU
		{FB7D805E-76EA-4EFB-9663-FB055BA77267}.Debug|Any CPU.Build.0 = Debug|Any CPU
		{FB7D805E-76EA-4EFB-9663-FB055BA77267}.Debug|x64.ActiveCfg = Debug|Any CPU
		{FB7D805E-76EA-4EFB-9663-FB055BA77267}.Debug|x64.Build.0 = Debug|Any CPU
		{FB7D805E-76EA-4EFB-9663-FB055BA77267}.Debug|x86.ActiveCfg = Debug|Any CPU
		{FB7D805E-76EA-4EFB-9663-FB055BA77267}.Debug|x86.Build.0 = Debug|Any CPU
		{FB7D805E-76EA-4EFB-9663-FB055BA77267}.Release|Any CPU.ActiveCfg = Release|Any CPU
		{FB7D805E-76EA-4EFB-9663-FB055BA77267}.Release|Any CPU.Build.0 = Release|Any CPU
		{FB7D805E-76EA-4EFB-9663-FB055BA77267}.Release|x64.ActiveCfg = Release|Any CPU
		{FB7D805E-76EA-4EFB-9663-FB055BA77267}.Release|x64.Build.0 = Release|Any CPU
		{FB7D805E-76EA-4EFB-9663-FB055BA77267}.Release|x86.ActiveCfg = Release|Any CPU
		{FB7D805E-76EA-4EFB-9663-FB055BA77267}.Release|x86.Build.0 = Release|Any CPU
		{34E176FD-AFE1-48B9-86A6-24510471730E}.Debug|Any CPU.ActiveCfg = Debug|Any CPU
		{34E176FD-AFE1-48B9-86A6-24510471730E}.Debug|Any CPU.Build.0 = Debug|Any CPU
		{34E176FD-AFE1-48B9-86A6-24510471730E}.Debug|x64.ActiveCfg = Debug|Any CPU
		{34E176FD-AFE1-48B9-86A6-24510471730E}.Debug|x64.Build.0 = Debug|Any CPU
		{34E176FD-AFE1-48B9-86A6-24510471730E}.Debug|x86.ActiveCfg = Debug|Any CPU
		{34E176FD-AFE1-48B9-86A6-24510471730E}.Debug|x86.Build.0 = Debug|Any CPU
		{34E176FD-AFE1-48B9-86A6-24510471730E}.Release|Any CPU.ActiveCfg = Release|Any CPU
		{34E176FD-AFE1-48B9-86A6-24510471730E}.Release|Any CPU.Build.0 = Release|Any CPU
		{34E176FD-AFE1-48B9-86A6-24510471730E}.Release|x64.ActiveCfg = Release|Any CPU
		{34E176FD-AFE1-48B9-86A6-24510471730E}.Release|x64.Build.0 = Release|Any CPU
		{34E176FD-AFE1-48B9-86A6-24510471730E}.Release|x86.ActiveCfg = Release|Any CPU
		{34E176FD-AFE1-48B9-86A6-24510471730E}.Release|x86.Build.0 = Release|Any CPU
		{095272AA-C17B-4EC2-9679-B1C676AFF6E5}.Debug|Any CPU.ActiveCfg = Debug|Any CPU
		{095272AA-C17B-4EC2-9679-B1C676AFF6E5}.Debug|Any CPU.Build.0 = Debug|Any CPU
		{095272AA-C17B-4EC2-9679-B1C676AFF6E5}.Debug|x64.ActiveCfg = Debug|Any CPU
		{095272AA-C17B-4EC2-9679-B1C676AFF6E5}.Debug|x64.Build.0 = Debug|Any CPU
		{095272AA-C17B-4EC2-9679-B1C676AFF6E5}.Debug|x86.ActiveCfg = Debug|Any CPU
		{095272AA-C17B-4EC2-9679-B1C676AFF6E5}.Debug|x86.Build.0 = Debug|Any CPU
		{095272AA-C17B-4EC2-9679-B1C676AFF6E5}.Release|Any CPU.ActiveCfg = Release|Any CPU
		{095272AA-C17B-4EC2-9679-B1C676AFF6E5}.Release|Any CPU.Build.0 = Release|Any CPU
		{095272AA-C17B-4EC2-9679-B1C676AFF6E5}.Release|x64.ActiveCfg = Release|Any CPU
		{095272AA-C17B-4EC2-9679-B1C676AFF6E5}.Release|x64.Build.0 = Release|Any CPU
		{095272AA-C17B-4EC2-9679-B1C676AFF6E5}.Release|x86.ActiveCfg = Release|Any CPU
		{095272AA-C17B-4EC2-9679-B1C676AFF6E5}.Release|x86.Build.0 = Release|Any CPU
		{6562DCD2-BFE9-45AC-8B32-8A84F0963369}.Debug|Any CPU.ActiveCfg = Debug|Any CPU
		{6562DCD2-BFE9-45AC-8B32-8A84F0963369}.Debug|Any CPU.Build.0 = Debug|Any CPU
		{6562DCD2-BFE9-45AC-8B32-8A84F0963369}.Debug|x64.ActiveCfg = Debug|Any CPU
		{6562DCD2-BFE9-45AC-8B32-8A84F0963369}.Debug|x64.Build.0 = Debug|Any CPU
		{6562DCD2-BFE9-45AC-8B32-8A84F0963369}.Debug|x86.ActiveCfg = Debug|Any CPU
		{6562DCD2-BFE9-45AC-8B32-8A84F0963369}.Debug|x86.Build.0 = Debug|Any CPU
		{6562DCD2-BFE9-45AC-8B32-8A84F0963369}.Release|Any CPU.ActiveCfg = Release|Any CPU
		{6562DCD2-BFE9-45AC-8B32-8A84F0963369}.Release|Any CPU.Build.0 = Release|Any CPU
		{6562DCD2-BFE9-45AC-8B32-8A84F0963369}.Release|x64.ActiveCfg = Release|Any CPU
		{6562DCD2-BFE9-45AC-8B32-8A84F0963369}.Release|x64.Build.0 = Release|Any CPU
		{6562DCD2-BFE9-45AC-8B32-8A84F0963369}.Release|x86.ActiveCfg = Release|Any CPU
		{6562DCD2-BFE9-45AC-8B32-8A84F0963369}.Release|x86.Build.0 = Release|Any CPU
	EndGlobalSection
	GlobalSection(SolutionProperties) = preSolution
		HideSolutionNode = FALSE
	EndGlobalSection
	GlobalSection(ExtensibilityGlobals) = postSolution
		SolutionGuid = {8D4CD113-0AA5-47D0-AC48-8B9CAE679551}
	EndGlobalSection
EndGlobal
